
Microsoft Visual Studio Solution File, Format Version 12.00
# Visual Studio 15
VisualStudioVersion = 15.0.26430.16
MinimumVisualStudioVersion = 10.0.40219.1
Project("{8BC9CEB8-8B4A-11D0-8D11-00A0C91BC942}") = "8080", "8080\8080.vcxproj", "{75182881-7F7C-48B9-812E-6B502F4C6FB0}"
EndProject
Project("{8BC9CEB8-8B4A-11D0-8D11-00A0C91BC942}") = "Testing", "Testing\Testing.vcxproj", "{78A47763-72DA-4586-8401-6333DE5CA3AF}"
EndProject
Project("{8BC9CEB8-8B4A-11D0-8D11-00A0C91BC942}") = "8086", "8086\8086.vcxproj", "{4A0ABB97-C01F-4DC4-92E9-4087FFBB89F9}"
EndProject
Global
	GlobalSection(SolutionConfigurationPlatforms) = preSolution
		Debug|x64 = Debug|x64
		Debug|x86 = Debug|x86
		Release|x64 = Release|x64
		Release|x86 = Release|x86
	EndGlobalSection
	GlobalSection(ProjectConfigurationPlatforms) = postSolution
		{75182881-7F7C-48B9-812E-6B502F4C6FB0}.Debug|x64.ActiveCfg = Debug|x64
		{75182881-7F7C-48B9-812E-6B502F4C6FB0}.Debug|x64.Build.0 = Debug|x64
		{75182881-7F7C-48B9-812E-6B502F4C6FB0}.Debug|x86.ActiveCfg = Debug|Win32
		{75182881-7F7C-48B9-812E-6B502F4C6FB0}.Debug|x86.Build.0 = Debug|Win32
		{75182881-7F7C-48B9-812E-6B502F4C6FB0}.Release|x64.ActiveCfg = Release|x64
		{75182881-7F7C-48B9-812E-6B502F4C6FB0}.Release|x64.Build.0 = Release|x64
		{75182881-7F7C-48B9-812E-6B502F4C6FB0}.Release|x86.ActiveCfg = Release|Win32
		{75182881-7F7C-48B9-812E-6B502F4C6FB0}.Release|x86.Build.0 = Release|Win32
		{78A47763-72DA-4586-8401-6333DE5CA3AF}.Debug|x64.ActiveCfg = Debug|x64
		{78A47763-72DA-4586-8401-6333DE5CA3AF}.Debug|x64.Build.0 = Debug|x64
		{78A47763-72DA-4586-8401-6333DE5CA3AF}.Debug|x86.ActiveCfg = Debug|Win32
		{78A47763-72DA-4586-8401-6333DE5CA3AF}.Debug|x86.Build.0 = Debug|Win32
		{78A47763-72DA-4586-8401-6333DE5CA3AF}.Release|x64.ActiveCfg = Release|x64
		{78A47763-72DA-4586-8401-6333DE5CA3AF}.Release|x64.Build.0 = Release|x64
		{78A47763-72DA-4586-8401-6333DE5CA3AF}.Release|x86.ActiveCfg = Release|Win32
		{78A47763-72DA-4586-8401-6333DE5CA3AF}.Release|x86.Build.0 = Release|Win32
		{4A0ABB97-C01F-4DC4-92E9-4087FFBB89F9}.Debug|x64.ActiveCfg = Debug|x64
		{4A0ABB97-C01F-4DC4-92E9-4087FFBB89F9}.Debug|x64.Build.0 = Debug|x64
		{4A0ABB97-C01F-4DC4-92E9-4087FFBB89F9}.Debug|x86.ActiveCfg = Debug|Win32
		{4A0ABB97-C01F-4DC4-92E9-4087FFBB89F9}.Debug|x86.Build.0 = Debug|Win32
		{4A0ABB97-C01F-4DC4-92E9-4087FFBB89F9}.Release|x64.ActiveCfg = Release|x64
		{4A0ABB97-C01F-4DC4-92E9-4087FFBB89F9}.Release|x64.Build.0 = Release|x64
		{4A0ABB97-C01F-4DC4-92E9-4087FFBB89F9}.Release|x86.ActiveCfg = Release|Win32
		{4A0ABB97-C01F-4DC4-92E9-4087FFBB89F9}.Release|x86.Build.0 = Release|Win32
	EndGlobalSection
	GlobalSection(SolutionProperties) = preSolution
		HideSolutionNode = FALSE
	EndGlobalSection
	GlobalSection(ExtensibilityGlobals) = postSolution
		SolutionGuid = {5A6CF647-FDEA-47DB-810B-A83B1C37F3B2}
	EndGlobalSection
EndGlobal
